# Generated by pub
# See http://pub.dartlang.org/doc/glossary.html#lockfile
packages:
  analyzer:
    description: analyzer
    source: hosted
    version: "0.24.6"
  args:
    description: args
    source: hosted
    version: "0.12.2+6"
  barback:
    description: barback
    source: hosted
    version: "0.15.2+7"
  benchmark_harness:
    description: benchmark_harness
    source: hosted
    version: "1.0.4"
  browser:
    description: browser
    source: hosted
    version: "0.10.0+2"
  browser_detect:
    description: browser_detect
    source: hosted
    version: "1.0.3"
  charcode:
    description: charcode
    source: hosted
    version: "1.1.0"
  cli_util:
    description: cli_util
    source: hosted
    version: "0.0.1+2"
  code_transformers:
    description: code_transformers
    source: hosted
    version: "0.2.9+3"
  collection:
    description: collection
    source: hosted
    version: "1.1.3"
  csslib:
    description: csslib
    source: hosted
    version: "0.12.1"
  dart_style:
    description: dart_style
    source: hosted
    version: "0.1.8+2"
  di:
    description: di
    source: hosted
    version: "3.3.4"
  glob:
    description: glob
    source: hosted
    version: "1.0.5"
  guinness:
    description: guinness
    source: hosted
    version: "0.1.17"
  html:
    description: html
    source: hosted
    version: "0.12.2"
  html5lib:
    description: html5lib
    source: hosted
    version: "0.12.1"
  initialize:
    description: initialize
    source: hosted
    version: "0.6.1+2"
  intl:
    description: intl
    source: hosted
    version: "0.8.10+4"
  js:
    description: js
    source: hosted
    version: "0.2.2"
  logging:
    description: logging
    source: hosted
    version: "0.11.2"
  meta:
    description: meta
    source: hosted
    version: "0.8.8"
  mock:
    description: mock
    source: hosted
    version: "0.11.0+4"
  observe:
    description: observe
    source: hosted
    version: "0.13.1+2"
  path:
    description: path
    source: hosted
    version: "1.3.6"
  perf_api:
    description: perf_api
    source: hosted
    version: "0.0.9"
  pool:
    description: pool
    source: hosted
    version: "1.1.0"
  protractor:
    description: protractor
    source: hosted
    version: "0.0.5"
  route_hierarchical:
    description: route_hierarchical
    source: hosted
    version: "0.6.2"
  smoke:
    description: smoke
    source: hosted
    version: "0.3.5"
  source_maps:
    description: source_maps
    source: hosted
    version: "0.10.1"
  source_span:
    description: source_span
    source: hosted
    version: "1.2.1"
  stack_trace:
    description: stack_trace
    source: hosted
    version: "1.4.2"
  string_scanner:
    description: string_scanner
    source: hosted
    version: "0.1.4"
  unittest:
    description: unittest
    source: hosted
    version: "0.11.6+1"
  utf:
    description: utf
    source: hosted
    version: "0.9.0+2"
  watcher:
    description: watcher
    source: hosted
    version: "0.9.7"
  web_components:
    description: web_components
    source: hosted
    version: "0.11.4+2"
  when:
    description: when
    source: hosted
    version: "0.2.0"
  which:
    description: which
    source: hosted
    version: "0.1.3"
sdk: ">=1.13.0 <2.0.0"
