# Generated by pub
# See http://pub.dartlang.org/doc/glossary.html#lockfile
packages:
  analyzer_experimental:
    description: analyzer_experimental
    source: hosted
    version: "0.8.5"
  args:
    description: args
    source: hosted
    version: "0.8.5"
  browser:
    description: browser
    source: hosted
    version: "0.8.5"
  di:
    description: di
    source: hosted
    version: "0.0.24"
  html5lib:
    description: html5lib
    source: hosted
    version: "0.8.5"
  intl:
    description: intl
    source: hosted
    version: "0.8.5"
  js:
    description: js
    source: hosted
    version: "0.0.25"
  json:
    description: json
    source: hosted
    version: "0.8.5"
  logging:
    description: logging
    source: hosted
    version: "0.8.5"
  meta:
    description: meta
    source: hosted
    version: "0.8.5"
  path:
    description: path
    source: hosted
    version: "0.8.5"
  perf_api:
    description: perf_api
    source: hosted
    version: "0.0.8"
  route_hierarchical:
    description: route_hierarchical
    source: hosted
    version: "0.4.7"
  source_maps:
    description: source_maps
    source: hosted
    version: "0.8.5"
  stack_trace:
    description: stack_trace
    source: hosted
    version: "0.8.5"
  unittest:
    description: unittest
    source: hosted
    version: "0.8.5"
  unmodifiable_collection:
    description: unmodifiable_collection
    source: hosted
    version: "0.8.5"
  utf:
    description: utf
    source: hosted
    version: "0.8.5"
