# Generated by pub
# See http://pub.dartlang.org/doc/glossary.html#lockfile
packages:
  analyzer:
    description: analyzer
    source: hosted
    version: "0.10.5"
  analyzer_experimental:
    description: analyzer_experimental
    source: hosted
    version: "0.8.6"
  angular:
    description:
      path: "/usr/local/google/home/kasperl/Dart/angular.dart/demo/bouncing_balls/../.."
      relative: true
    source: path
    version: "0.9.3"
  args:
    description: args
    source: hosted
    version: "0.9.0"
  browser:
    description: browser
    source: hosted
    version: "0.8.7"
  collection:
    description: collection
    source: hosted
    version: "0.9.0"
  di:
    description: di
    source: hosted
    version: "0.0.24"
  html5lib:
    description: html5lib
    source: hosted
    version: "0.8.7"
  intl:
    description: intl
    source: hosted
    version: "0.8.7"
  js:
    description: js
    source: hosted
    version: "0.2.1"
  logging:
    description: logging
    source: hosted
    version: "0.9.1+1"
  meta:
    description: meta
    source: hosted
    version: "0.8.7"
  path:
    description: path
    source: hosted
    version: "1.0.0"
  perf_api:
    description: perf_api
    source: hosted
    version: "0.0.8"
  route_hierarchical:
    description: route_hierarchical
    source: hosted
    version: "0.4.7"
  source_maps:
    description: source_maps
    source: hosted
    version: "0.8.7"
  stack_trace:
    description: stack_trace
    source: hosted
    version: "0.8.7"
  unittest:
    description: unittest
    source: hosted
    version: "0.8.7"
  unmodifiable_collection:
    description: unmodifiable_collection
    source: hosted
    version: "0.9.2"
  utf:
    description: utf
    source: hosted
    version: "0.8.7"
